
Microsoft Visual Studio Solution File, Format Version 12.00
# Visual Studio Version 17
VisualStudioVersion = 17.6.33829.357
MinimumVisualStudioVersion = 10.0.40219.1
Project("{FAE04EC0-301F-11D3-BF4B-00C04F79EFBC}") = "SistemaInventarioV6", "SistemaInventarioV6\SistemaInventarioV6.csproj", "{D4E8EAE9-0631-4BD8-848C-88E4A27DF827}"
EndProject
Global
	GlobalSection(SolutionConfigurationPlatforms) = preSolution
		Debug|Any CPU = Debug|Any CPU
		Release|Any CPU = Release|Any CPU
	EndGlobalSection
	GlobalSection(ProjectConfigurationPlatforms) = postSolution
		{D4E8EAE9-0631-4BD8-848C-88E4A27DF827}.Debug|Any CPU.ActiveCfg = Debug|Any CPU
		{D4E8EAE9-0631-4BD8-848C-88E4A27DF827}.Debug|Any CPU.Build.0 = Debug|Any CPU
		{D4E8EAE9-0631-4BD8-848C-88E4A27DF827}.Release|Any CPU.ActiveCfg = Release|Any CPU
		{D4E8EAE9-0631-4BD8-848C-88E4A27DF827}.Release|Any CPU.Build.0 = Release|Any CPU
	EndGlobalSection
	GlobalSection(SolutionProperties) = preSolution
		HideSolutionNode = FALSE
	EndGlobalSection
	GlobalSection(ExtensibilityGlobals) = postSolution
		SolutionGuid = {7529BD9E-C80B-4AAD-A1B7-787BDADED1F4}
	EndGlobalSection
EndGlobal
